
Microsoft Visual Studio Solution File, Format Version 12.00
# Visual Studio Version 16
VisualStudioVersion = 16.0.32126.315
MinimumVisualStudioVersion = 10.0.40219.1
Project("{FAE04EC0-301F-11D3-BF4B-00C04F79EFBC}") = "Ceasar", "Ceasar\Ceasar.csproj", "{5BF74A23-648A-4B7E-9E60-994EC2EF8FDF}"
EndProject
Project("{FAE04EC0-301F-11D3-BF4B-00C04F79EFBC}") = "MaHoaDonBang", "MaHoaDonBang\MaHoaDonBang.csproj", "{EDDCA089-0E1F-4A92-B500-6E11BC00493F}"
EndProject
Global
	GlobalSection(SolutionConfigurationPlatforms) = preSolution
		Debug|Any CPU = Debug|Any CPU
		Release|Any CPU = Release|Any CPU
	EndGlobalSection
	GlobalSection(ProjectConfigurationPlatforms) = postSolution
		{5BF74A23-648A-4B7E-9E60-994EC2EF8FDF}.Debug|Any CPU.ActiveCfg = Debug|Any CPU
		{5BF74A23-648A-4B7E-9E60-994EC2EF8FDF}.Debug|Any CPU.Build.0 = Debug|Any CPU
		{5BF74A23-648A-4B7E-9E60-994EC2EF8FDF}.Release|Any CPU.ActiveCfg = Release|Any CPU
		{5BF74A23-648A-4B7E-9E60-994EC2EF8FDF}.Release|Any CPU.Build.0 = Release|Any CPU
		{EDDCA089-0E1F-4A92-B500-6E11BC00493F}.Debug|Any CPU.ActiveCfg = Debug|Any CPU
		{EDDCA089-0E1F-4A92-B500-6E11BC00493F}.Debug|Any CPU.Build.0 = Debug|Any CPU
		{EDDCA089-0E1F-4A92-B500-6E11BC00493F}.Release|Any CPU.ActiveCfg = Release|Any CPU
		{EDDCA089-0E1F-4A92-B500-6E11BC00493F}.Release|Any CPU.Build.0 = Release|Any CPU
	EndGlobalSection
	GlobalSection(SolutionProperties) = preSolution
		HideSolutionNode = FALSE
	EndGlobalSection
	GlobalSection(ExtensibilityGlobals) = postSolution
		SolutionGuid = {6CD63873-BD41-421B-8523-84DE8535C2D9}
	EndGlobalSection
EndGlobal
